// !$*UTF8*$!
{
	archiveVersion = 1;
	classes = {
	};
	objectVersion = 46;
	objects = {

/* Begin PBXBuildFile section */
		068C447E1929432300796262 /* Foundation.framework in Frameworks */ = {isa = PBXBuildFile; fileRef = 068C447D1929432300796262 /* Foundation.framework */; };
		068C44801929432300796262 /* CoreGraphics.framework in Frameworks */ = {isa = PBXBuildFile; fileRef = 068C447F1929432300796262 /* CoreGraphics.framework */; };
		068C44821929432300796262 /* UIKit.framework in Frameworks */ = {isa = PBXBuildFile; fileRef = 068C44811929432300796262 /* UIKit.framework */; };
		068C44881929432300796262 /* InfoPlist.strings in Resources */ = {isa = PBXBuildFile; fileRef = 068C44861929432300796262 /* InfoPlist.strings */; };
		068C448A1929432300796262 /* main.m in Sources */ = {isa = PBXBuildFile; fileRef = 068C44891929432300796262 /* main.m */; };
		068C448E1929432300796262 /* FBAppDelegate.m in Sources */ = {isa = PBXBuildFile; fileRef = 068C448D1929432300796262 /* FBAppDelegate.m */; };
		068C44901929432300796262 /* Images.xcassets in Resources */ = {isa = PBXBuildFile; fileRef = 068C448F1929432300796262 /* Images.xcassets */; };
		068C44971929432300796262 /* XCTest.framework in Frameworks */ = {isa = PBXBuildFile; fileRef = 068C44961929432300796262 /* XCTest.framework */; };
		068C44981929432300796262 /* Foundation.framework in Frameworks */ = {isa = PBXBuildFile; fileRef = 068C447D1929432300796262 /* Foundation.framework */; };
		068C44991929432300796262 /* UIKit.framework in Frameworks */ = {isa = PBXBuildFile; fileRef = 068C44811929432300796262 /* UIKit.framework */; };
		068C44A11929432300796262 /* InfoPlist.strings in Resources */ = {isa = PBXBuildFile; fileRef = 068C449F1929432300796262 /* InfoPlist.strings */; };
		068C44A31929432300796262 /* Photo_BombersTests.m in Sources */ = {isa = PBXBuildFile; fileRef = 068C44A21929432300796262 /* Photo_BombersTests.m */; };
		068C44B1192943C600796262 /* FBPhotosViewController.m in Sources */ = {isa = PBXBuildFile; fileRef = 068C44B0192943C600796262 /* FBPhotosViewController.m */; };
		068C44B419295C3100796262 /* FBPhotoCell.m in Sources */ = {isa = PBXBuildFile; fileRef = 068C44B319295C3100796262 /* FBPhotoCell.m */; };
		0699942C192EA19A00CDD84E /* FBPhotoController.m in Sources */ = {isa = PBXBuildFile; fileRef = 0699942B192EA19A00CDD84E /* FBPhotoController.m */; };
		0699942F192EA65A00CDD84E /* FBDetailViewController.m in Sources */ = {isa = PBXBuildFile; fileRef = 0699942E192EA65A00CDD84E /* FBDetailViewController.m */; };
		06FEF414192FD6EF00227A6A /* FBPresentDetailTransition.m in Sources */ = {isa = PBXBuildFile; fileRef = 06FEF413192FD6EF00227A6A /* FBPresentDetailTransition.m */; };
		06FEF417192FDB4700227A6A /* FBDismissDetailTransition.m in Sources */ = {isa = PBXBuildFile; fileRef = 06FEF416192FDB4700227A6A /* FBDismissDetailTransition.m */; };
		EEB02103C0564FA0857FFC31 /* libPods.a in Frameworks */ = {isa = PBXBuildFile; fileRef = E04462354CFC446C980FA566 /* libPods.a */; };
/* End PBXBuildFile section */

/* Begin PBXContainerItemProxy section */
		068C449A1929432300796262 /* PBXContainerItemProxy */ = {
			isa = PBXContainerItemProxy;
			containerPortal = 068C44721929432300796262 /* Project object */;
			proxyType = 1;
			remoteGlobalIDString = 068C44791929432300796262;
			remoteInfo = "Photo Bombers";
		};
/* End PBXContainerItemProxy section */

/* Begin PBXFileReference section */
		068C447A1929432300796262 /* Photo Bombers.app */ = {isa = PBXFileReference; explicitFileType = wrapper.application; includeInIndex = 0; path = "Photo Bombers.app"; sourceTree = BUILT_PRODUCTS_DIR; };
		068C447D1929432300796262 /* Foundation.framework */ = {isa = PBXFileReference; lastKnownFileType = wrapper.framework; name = Foundation.framework; path = System/Library/Frameworks/Foundation.framework; sourceTree = SDKROOT; };
		068C447F1929432300796262 /* CoreGraphics.framework */ = {isa = PBXFileReference; lastKnownFileType = wrapper.framework; name = CoreGraphics.framework; path = System/Library/Frameworks/CoreGraphics.framework; sourceTree = SDKROOT; };
		068C44811929432300796262 /* UIKit.framework */ = {isa = PBXFileReference; lastKnownFileType = wrapper.framework; name = UIKit.framework; path = System/Library/Frameworks/UIKit.framework; sourceTree = SDKROOT; };
		068C44851929432300796262 /* Photo Bombers-Info.plist */ = {isa = PBXFileReference; lastKnownFileType = text.plist.xml; path = "Photo Bombers-Info.plist"; sourceTree = "<group>"; };
		068C44871929432300796262 /* en */ = {isa = PBXFileReference; lastKnownFileType = text.plist.strings; name = en; path = en.lproj/InfoPlist.strings; sourceTree = "<group>"; };
		068C44891929432300796262 /* main.m */ = {isa = PBXFileReference; lastKnownFileType = sourcecode.c.objc; path = main.m; sourceTree = "<group>"; };
		068C448B1929432300796262 /* Photo Bombers-Prefix.pch */ = {isa = PBXFileReference; lastKnownFileType = sourcecode.c.h; path = "Photo Bombers-Prefix.pch"; sourceTree = "<group>"; };
		068C448C1929432300796262 /* FBAppDelegate.h */ = {isa = PBXFileReference; lastKnownFileType = sourcecode.c.h; path = FBAppDelegate.h; sourceTree = "<group>"; };
		068C448D1929432300796262 /* FBAppDelegate.m */ = {isa = PBXFileReference; lastKnownFileType = sourcecode.c.objc; path = FBAppDelegate.m; sourceTree = "<group>"; };
		068C448F1929432300796262 /* Images.xcassets */ = {isa = PBXFileReference; lastKnownFileType = folder.assetcatalog; path = Images.xcassets; sourceTree = "<group>"; };
		068C44951929432300796262 /* Photo BombersTests.xctest */ = {isa = PBXFileReference; explicitFileType = wrapper.cfbundle; includeInIndex = 0; path = "Photo BombersTests.xctest"; sourceTree = BUILT_PRODUCTS_DIR; };
		068C44961929432300796262 /* XCTest.framework */ = {isa = PBXFileReference; lastKnownFileType = wrapper.framework; name = XCTest.framework; path = Library/Frameworks/XCTest.framework; sourceTree = DEVELOPER_DIR; };
		068C449E1929432300796262 /* Photo BombersTests-Info.plist */ = {isa = PBXFileReference; lastKnownFileType = text.plist.xml; path = "Photo BombersTests-Info.plist"; sourceTree = "<group>"; };
		068C44A01929432300796262 /* en */ = {isa = PBXFileReference; lastKnownFileType = text.plist.strings; name = en; path = en.lproj/InfoPlist.strings; sourceTree = "<group>"; };
		068C44A21929432300796262 /* Photo_BombersTests.m */ = {isa = PBXFileReference; lastKnownFileType = sourcecode.c.objc; path = Photo_BombersTests.m; sourceTree = "<group>"; };
		068C44AF192943C600796262 /* FBPhotosViewController.h */ = {isa = PBXFileReference; fileEncoding = 4; lastKnownFileType = sourcecode.c.h; path = FBPhotosViewController.h; sourceTree = "<group>"; };
		068C44B0192943C600796262 /* FBPhotosViewController.m */ = {isa = PBXFileReference; fileEncoding = 4; lastKnownFileType = sourcecode.c.objc; path = FBPhotosViewController.m; sourceTree = "<group>"; };
		068C44B219295C3100796262 /* FBPhotoCell.h */ = {isa = PBXFileReference; fileEncoding = 4; lastKnownFileType = sourcecode.c.h; path = FBPhotoCell.h; sourceTree = "<group>"; };
		068C44B319295C3100796262 /* FBPhotoCell.m */ = {isa = PBXFileReference; fileEncoding = 4; lastKnownFileType = sourcecode.c.objc; path = FBPhotoCell.m; sourceTree = "<group>"; };
		0699942A192EA19A00CDD84E /* FBPhotoController.h */ = {isa = PBXFileReference; fileEncoding = 4; lastKnownFileType = sourcecode.c.h; path = FBPhotoController.h; sourceTree = "<group>"; };
		0699942B192EA19A00CDD84E /* FBPhotoController.m */ = {isa = PBXFileReference; fileEncoding = 4; lastKnownFileType = sourcecode.c.objc; path = FBPhotoController.m; sourceTree = "<group>"; };
		0699942D192EA65A00CDD84E /* FBDetailViewController.h */ = {isa = PBXFileReference; fileEncoding = 4; lastKnownFileType = sourcecode.c.h; path = FBDetailViewController.h; sourceTree = "<group>"; };
		0699942E192EA65A00CDD84E /* FBDetailViewController.m */ = {isa = PBXFileReference; fileEncoding = 4; lastKnownFileType = sourcecode.c.objc; path = FBDetailViewController.m; sourceTree = "<group>"; };
		06A6375F192BF0EF006ED204 /* Podfile */ = {isa = PBXFileReference; lastKnownFileType = text; path = Podfile; sourceTree = "<group>"; xcLanguageSpecificationIdentifier = xcode.lang.ruby; };
		06FEF412192FD6EF00227A6A /* FBPresentDetailTransition.h */ = {isa = PBXFileReference; fileEncoding = 4; lastKnownFileType = sourcecode.c.h; path = FBPresentDetailTransition.h; sourceTree = "<group>"; };
		06FEF413192FD6EF00227A6A /* FBPresentDetailTransition.m */ = {isa = PBXFileReference; fileEncoding = 4; lastKnownFileType = sourcecode.c.objc; path = FBPresentDetailTransition.m; sourceTree = "<group>"; };
		06FEF415192FDB4700227A6A /* FBDismissDetailTransition.h */ = {isa = PBXFileReference; fileEncoding = 4; lastKnownFileType = sourcecode.c.h; path = FBDismissDetailTransition.h; sourceTree = "<group>"; };
		06FEF416192FDB4700227A6A /* FBDismissDetailTransition.m */ = {isa = PBXFileReference; fileEncoding = 4; lastKnownFileType = sourcecode.c.objc; path = FBDismissDetailTransition.m; sourceTree = "<group>"; };
		5C342A68E78D448DA49DEB9A /* Pods.xcconfig */ = {isa = PBXFileReference; includeInIndex = 1; lastKnownFileType = text.xcconfig; name = Pods.xcconfig; path = Pods/Pods.xcconfig; sourceTree = "<group>"; };
		E04462354CFC446C980FA566 /* libPods.a */ = {isa = PBXFileReference; explicitFileType = archive.ar; includeInIndex = 0; path = libPods.a; sourceTree = BUILT_PRODUCTS_DIR; };
/* End PBXFileReference section */

/* Begin PBXFrameworksBuildPhase section */
		068C44771929432300796262 /* Frameworks */ = {
			isa = PBXFrameworksBuildPhase;
			buildActionMask = 2147483647;
			files = (
				068C44801929432300796262 /* CoreGraphics.framework in Frameworks */,
				068C44821929432300796262 /* UIKit.framework in Frameworks */,
				068C447E1929432300796262 /* Foundation.framework in Frameworks */,
				EEB02103C0564FA0857FFC31 /* libPods.a in Frameworks */,
			);
			runOnlyForDeploymentPostprocessing = 0;
		};
		068C44921929432300796262 /* Frameworks */ = {
			isa = PBXFrameworksBuildPhase;
			buildActionMask = 2147483647;
			files = (
				068C44971929432300796262 /* XCTest.framework in Frameworks */,
				068C44991929432300796262 /* UIKit.framework in Frameworks */,
				068C44981929432300796262 /* Foundation.framework in Frameworks */,
			);
			runOnlyForDeploymentPostprocessing = 0;
		};
/* End PBXFrameworksBuildPhase section */

/* Begin PBXGroup section */
		068C44711929432300796262 = {
			isa = PBXGroup;
			children = (
				06A6375F192BF0EF006ED204 /* Podfile */,
				068C44831929432300796262 /* Photo Bombers */,
				068C449C1929432300796262 /* Photo BombersTests */,
				068C447C1929432300796262 /* Frameworks */,
				068C447B1929432300796262 /* Products */,
				5C342A68E78D448DA49DEB9A /* Pods.xcconfig */,
			);
			sourceTree = "<group>";
		};
		068C447B1929432300796262 /* Products */ = {
			isa = PBXGroup;
			children = (
				068C447A1929432300796262 /* Photo Bombers.app */,
				068C44951929432300796262 /* Photo BombersTests.xctest */,
			);
			name = Products;
			sourceTree = "<group>";
		};
		068C447C1929432300796262 /* Frameworks */ = {
			isa = PBXGroup;
			children = (
				068C447D1929432300796262 /* Foundation.framework */,
				068C447F1929432300796262 /* CoreGraphics.framework */,
				068C44811929432300796262 /* UIKit.framework */,
				068C44961929432300796262 /* XCTest.framework */,
				E04462354CFC446C980FA566 /* libPods.a */,
			);
			name = Frameworks;
			sourceTree = "<group>";
		};
		068C44831929432300796262 /* Photo Bombers */ = {
			isa = PBXGroup;
			children = (
				068C44B219295C3100796262 /* FBPhotoCell.h */,
				068C44B319295C3100796262 /* FBPhotoCell.m */,
				0699942A192EA19A00CDD84E /* FBPhotoController.h */,
				0699942B192EA19A00CDD84E /* FBPhotoController.m */,
				0699942D192EA65A00CDD84E /* FBDetailViewController.h */,
				0699942E192EA65A00CDD84E /* FBDetailViewController.m */,
				068C44AF192943C600796262 /* FBPhotosViewController.h */,
				068C44B0192943C600796262 /* FBPhotosViewController.m */,
				06FEF412192FD6EF00227A6A /* FBPresentDetailTransition.h */,
				06FEF413192FD6EF00227A6A /* FBPresentDetailTransition.m */,
				06FEF415192FDB4700227A6A /* FBDismissDetailTransition.h */,
				06FEF416192FDB4700227A6A /* FBDismissDetailTransition.m */,
				068C448F1929432300796262 /* Images.xcassets */,
				068C44841929432300796262 /* Supporting Files */,
			);
			path = "Photo Bombers";
			sourceTree = "<group>";
		};
		068C44841929432300796262 /* Supporting Files */ = {
			isa = PBXGroup;
			children = (
				068C448C1929432300796262 /* FBAppDelegate.h */,
				068C448D1929432300796262 /* FBAppDelegate.m */,
				068C44851929432300796262 /* Photo Bombers-Info.plist */,
				068C44861929432300796262 /* InfoPlist.strings */,
				068C44891929432300796262 /* main.m */,
				068C448B1929432300796262 /* Photo Bombers-Prefix.pch */,
			);
			name = "Supporting Files";
			sourceTree = "<group>";
		};
		068C449C1929432300796262 /* Photo BombersTests */ = {
			isa = PBXGroup;
			children = (
				068C44A21929432300796262 /* Photo_BombersTests.m */,
				068C449D1929432300796262 /* Supporting Files */,
			);
			path = "Photo BombersTests";
			sourceTree = "<group>";
		};
		068C449D1929432300796262 /* Supporting Files */ = {
			isa = PBXGroup;
			children = (
				068C449E1929432300796262 /* Photo BombersTests-Info.plist */,
				068C449F1929432300796262 /* InfoPlist.strings */,
			);
			name = "Supporting Files";
			sourceTree = "<group>";
		};
/* End PBXGroup section */

/* Begin PBXNativeTarget section */
		068C44791929432300796262 /* Photo Bombers */ = {
			isa = PBXNativeTarget;
			buildConfigurationList = 068C44A61929432300796262 /* Build configuration list for PBXNativeTarget "Photo Bombers" */;
			buildPhases = (
				ADD03618626B425BA7FCFD5C /* Check Pods Manifest.lock */,
				068C44761929432300796262 /* Sources */,
				068C44771929432300796262 /* Frameworks */,
				068C44781929432300796262 /* Resources */,
				1A424E8558254CC4986F4B57 /* Copy Pods Resources */,
			);
			buildRules = (
			);
			dependencies = (
			);
			name = "Photo Bombers";
			productName = "Photo Bombers";
			productReference = 068C447A1929432300796262 /* Photo Bombers.app */;
			productType = "com.apple.product-type.application";
		};
		068C44941929432300796262 /* Photo BombersTests */ = {
			isa = PBXNativeTarget;
			buildConfigurationList = 068C44A91929432300796262 /* Build configuration list for PBXNativeTarget "Photo BombersTests" */;
			buildPhases = (
				068C44911929432300796262 /* Sources */,
				068C44921929432300796262 /* Frameworks */,
				068C44931929432300796262 /* Resources */,
			);
			buildRules = (
			);
			dependencies = (
				068C449B1929432300796262 /* PBXTargetDependency */,
			);
			name = "Photo BombersTests";
			productName = "Photo BombersTests";
			productReference = 068C44951929432300796262 /* Photo BombersTests.xctest */;
			productType = "com.apple.product-type.bundle.unit-test";
		};
/* End PBXNativeTarget section */

/* Begin PBXProject section */
		068C44721929432300796262 /* Project object */ = {
			isa = PBXProject;
			attributes = {
				CLASSPREFIX = FB;
				LastUpgradeCheck = 0510;
				ORGANIZATIONNAME = "Miguel Beltre";
				TargetAttributes = {
					068C44941929432300796262 = {
						TestTargetID = 068C44791929432300796262;
					};
				};
			};
			buildConfigurationList = 068C44751929432300796262 /* Build configuration list for PBXProject "Photo Bombers" */;
			compatibilityVersion = "Xcode 3.2";
			developmentRegion = English;
			hasScannedForEncodings = 0;
			knownRegions = (
				en,
			);
			mainGroup = 068C44711929432300796262;
			productRefGroup = 068C447B1929432300796262 /* Products */;
			projectDirPath = "";
			projectRoot = "";
			targets = (
				068C44791929432300796262 /* Photo Bombers */,
				068C44941929432300796262 /* Photo BombersTests */,
			);
		};
/* End PBXProject section */

/* Begin PBXResourcesBuildPhase section */
		068C44781929432300796262 /* Resources */ = {
			isa = PBXResourcesBuildPhase;
			buildActionMask = 2147483647;
			files = (
				068C44881929432300796262 /* InfoPlist.strings in Resources */,
				068C44901929432300796262 /* Images.xcassets in Resources */,
			);
			runOnlyForDeploymentPostprocessing = 0;
		};
		068C44931929432300796262 /* Resources */ = {
			isa = PBXResourcesBuildPhase;
			buildActionMask = 2147483647;
			files = (
				068C44A11929432300796262 /* InfoPlist.strings in Resources */,
			);
			runOnlyForDeploymentPostprocessing = 0;
		};
/* End PBXResourcesBuildPhase section */

/* Begin PBXShellScriptBuildPhase section */
		1A424E8558254CC4986F4B57 /* Copy Pods Resources */ = {
			isa = PBXShellScriptBuildPhase;
			buildActionMask = 2147483647;
			files = (
			);
			inputPaths = (
			);
			name = "Copy Pods Resources";
			outputPaths = (
			);
			runOnlyForDeploymentPostprocessing = 0;
			shellPath = /bin/sh;
			shellScript = "\"${SRCROOT}/Pods/Pods-resources.sh\"\n";
			showEnvVarsInLog = 0;
		};
		ADD03618626B425BA7FCFD5C /* Check Pods Manifest.lock */ = {
			isa = PBXShellScriptBuildPhase;
			buildActionMask = 2147483647;
			files = (
			);
			inputPaths = (
			);
			name = "Check Pods Manifest.lock";
			outputPaths = (
			);
			runOnlyForDeploymentPostprocessing = 0;
			shellPath = /bin/sh;
			shellScript = "diff \"${PODS_ROOT}/../Podfile.lock\" \"${PODS_ROOT}/Manifest.lock\" > /dev/null\nif [[ $? != 0 ]] ; then\n    cat << EOM\nerror: The sandbox is not in sync with the Podfile.lock. Run 'pod install' or update your CocoaPods installation.\nEOM\n    exit 1\nfi\n";
			showEnvVarsInLog = 0;
		};
/* End PBXShellScriptBuildPhase section */

/* Begin PBXSourcesBuildPhase section */
		068C44761929432300796262 /* Sources */ = {
			isa = PBXSourcesBuildPhase;
			buildActionMask = 2147483647;
			files = (
				06FEF417192FDB4700227A6A /* FBDismissDetailTransition.m in Sources */,
				0699942C192EA19A00CDD84E /* FBPhotoController.m in Sources */,
				068C448E1929432300796262 /* FBAppDelegate.m in Sources */,
				06FEF414192FD6EF00227A6A /* FBPresentDetailTransition.m in Sources */,
				068C44B1192943C600796262 /* FBPhotosViewController.m in Sources */,
				068C44B419295C3100796262 /* FBPhotoCell.m in Sources */,
				068C448A1929432300796262 /* main.m in Sources */,
				0699942F192EA65A00CDD84E /* FBDetailViewController.m in Sources */,
			);
			runOnlyForDeploymentPostprocessing = 0;
		};
		068C44911929432300796262 /* Sources */ = {
			isa = PBXSourcesBuildPhase;
			buildActionMask = 2147483647;
			files = (
				068C44A31929432300796262 /* Photo_BombersTests.m in Sources */,
			);
			runOnlyForDeploymentPostprocessing = 0;
		};
/* End PBXSourcesBuildPhase section */

/* Begin PBXTargetDependency section */
		068C449B1929432300796262 /* PBXTargetDependency */ = {
			isa = PBXTargetDependency;
			target = 068C44791929432300796262 /* Photo Bombers */;
			targetProxy = 068C449A1929432300796262 /* PBXContainerItemProxy */;
		};
/* End PBXTargetDependency section */

/* Begin PBXVariantGroup section */
		068C44861929432300796262 /* InfoPlist.strings */ = {
			isa = PBXVariantGroup;
			children = (
				068C44871929432300796262 /* en */,
			);
			name = InfoPlist.strings;
			sourceTree = "<group>";
		};
		068C449F1929432300796262 /* InfoPlist.strings */ = {
			isa = PBXVariantGroup;
			children = (
				068C44A01929432300796262 /* en */,
			);
			name = InfoPlist.strings;
			sourceTree = "<group>";
		};
/* End PBXVariantGroup section */

/* Begin XCBuildConfiguration section */
		068C44A41929432300796262 /* Debug */ = {
			isa = XCBuildConfiguration;
			buildSettings = {
				ALWAYS_SEARCH_USER_PATHS = NO;
				CLANG_CXX_LANGUAGE_STANDARD = "gnu++0x";
				CLANG_CXX_LIBRARY = "libc++";
				CLANG_ENABLE_MODULES = YES;
				CLANG_ENABLE_OBJC_ARC = YES;
				CLANG_WARN_BOOL_CONVERSION = YES;
				CLANG_WARN_CONSTANT_CONVERSION = YES;
				CLANG_WARN_DIRECT_OBJC_ISA_USAGE = YES_ERROR;
				CLANG_WARN_EMPTY_BODY = YES;
				CLANG_WARN_ENUM_CONVERSION = YES;
				CLANG_WARN_INT_CONVERSION = YES;
				CLANG_WARN_OBJC_ROOT_CLASS = YES_ERROR;
				CLANG_WARN__DUPLICATE_METHOD_MATCH = YES;
				"CODE_SIGN_IDENTITY[sdk=iphoneos*]" = "iPhone Developer";
				COPY_PHASE_STRIP = NO;
				GCC_C_LANGUAGE_STANDARD = gnu99;
				GCC_DYNAMIC_NO_PIC = NO;
				GCC_OPTIMIZATION_LEVEL = 0;
				GCC_PREPROCESSOR_DEFINITIONS = (
					"DEBUG=1",
					"$(inherited)",
				);
				GCC_SYMBOLS_PRIVATE_EXTERN = NO;
				GCC_WARN_64_TO_32_BIT_CONVERSION = YES;
				GCC_WARN_ABOUT_RETURN_TYPE = YES_ERROR;
				GCC_WARN_UNDECLARED_SELECTOR = YES;
				GCC_WARN_UNINITIALIZED_AUTOS = YES_AGGRESSIVE;
				GCC_WARN_UNUSED_FUNCTION = YES;
				GCC_WARN_UNUSED_VARIABLE = YES;
				IPHONEOS_DEPLOYMENT_TARGET = 7.1;
				ONLY_ACTIVE_ARCH = YES;
				SDKROOT = iphoneos;
			};
			name = Debug;
		};
		068C44A51929432300796262 /* Release */ = {
			isa = XCBuildConfiguration;
			buildSettings = {
				ALWAYS_SEARCH_USER_PATHS = NO;
				CLANG_CXX_LANGUAGE_STANDARD = "gnu++0x";
				CLANG_CXX_LIBRARY = "libc++";
				CLANG_ENABLE_MODULES = YES;
				CLANG_ENABLE_OBJC_ARC = YES;
				CLANG_WARN_BOOL_CONVERSION = YES;
				CLANG_WARN_CONSTANT_CONVERSION = YES;
				CLANG_WARN_DIRECT_OBJC_ISA_USAGE = YES_ERROR;
				CLANG_WARN_EMPTY_BODY = YES;
				CLANG_WARN_ENUM_CONVERSION = YES;
				CLANG_WARN_INT_CONVERSION = YES;
				CLANG_WARN_OBJC_ROOT_CLASS = YES_ERROR;
				CLANG_WARN__DUPLICATE_METHOD_MATCH = YES;
				"CODE_SIGN_IDENTITY[sdk=iphoneos*]" = "iPhone Developer";
				COPY_PHASE_STRIP = YES;
				ENABLE_NS_ASSERTIONS = NO;
				GCC_C_LANGUAGE_STANDARD = gnu99;
				GCC_WARN_64_TO_32_BIT_CONVERSION = YES;
				GCC_WARN_ABOUT_RETURN_TYPE = YES_ERROR;
				GCC_WARN_UNDECLARED_SELECTOR = YES;
				GCC_WARN_UNINITIALIZED_AUTOS = YES_AGGRESSIVE;
				GCC_WARN_UNUSED_FUNCTION = YES;
				GCC_WARN_UNUSED_VARIABLE = YES;
				IPHONEOS_DEPLOYMENT_TARGET = 7.1;
				SDKROOT = iphoneos;
				VALIDATE_PRODUCT = YES;
			};
			name = Release;
		};
		068C44A71929432300796262 /* Debug */ = {
			isa = XCBuildConfiguration;
			baseConfigurationReference = 5C342A68E78D448DA49DEB9A /* Pods.xcconfig */;
			buildSettings = {
				ASSETCATALOG_COMPILER_APPICON_NAME = AppIcon;
				ASSETCATALOG_COMPILER_LAUNCHIMAGE_NAME = LaunchImage;
				GCC_PRECOMPILE_PREFIX_HEADER = YES;
				GCC_PREFIX_HEADER = "Photo Bombers/Photo Bombers-Prefix.pch";
				INFOPLIST_FILE = "Photo Bombers/Photo Bombers-Info.plist";
				PRODUCT_NAME = "$(TARGET_NAME)";
				WRAPPER_EXTENSION = app;
			};
			name = Debug;
		};
		068C44A81929432300796262 /* Release */ = {
			isa = XCBuildConfiguration;
			baseConfigurationReference = 5C342A68E78D448DA49DEB9A /* Pods.xcconfig */;
			buildSettings = {
				ASSETCATALOG_COMPILER_APPICON_NAME = AppIcon;
				ASSETCATALOG_COMPILER_LAUNCHIMAGE_NAME = LaunchImage;
				GCC_PRECOMPILE_PREFIX_HEADER = YES;
				GCC_PREFIX_HEADER = "Photo Bombers/Photo Bombers-Prefix.pch";
				INFOPLIST_FILE = "Photo Bombers/Photo Bombers-Info.plist";
				PRODUCT_NAME = "$(TARGET_NAME)";
				WRAPPER_EXTENSION = app;
			};
			name = Release;
		};
		068C44AA1929432300796262 /* Debug */ = {
			isa = XCBuildConfiguration;
			buildSettings = {
				BUNDLE_LOADER = "$(BUILT_PRODUCTS_DIR)/Photo Bombers.app/Photo Bombers";
				FRAMEWORK_SEARCH_PATHS = (
					"$(SDKROOT)/Developer/Library/Frameworks",
					"$(inherited)",
					"$(DEVELOPER_FRAMEWORKS_DIR)",
				);
				GCC_PRECOMPILE_PREFIX_HEADER = YES;
				GCC_PREFIX_HEADER = "Photo Bombers/Photo Bombers-Prefix.pch";
				GCC_PREPROCESSOR_DEFINITIONS = (
					"DEBUG=1",
					"$(inherited)",
				);
				INFOPLIST_FILE = "Photo BombersTests/Photo BombersTests-Info.plist";
				PRODUCT_NAME = "$(TARGET_NAME)";
				TEST_HOST = "$(BUNDLE_LOADER)";
				WRAPPER_EXTENSION = xctest;
			};
			name = Debug;
		};
		068C44AB1929432300796262 /* Release */ = {
			isa = XCBuildConfiguration;
			buildSettings = {
				BUNDLE_LOADER = "$(BUILT_PRODUCTS_DIR)/Photo Bombers.app/Photo Bombers";
				FRAMEWORK_SEARCH_PATHS = (
					"$(SDKROOT)/Developer/Library/Frameworks",
					"$(inherited)",
					"$(DEVELOPER_FRAMEWORKS_DIR)",
				);
				GCC_PRECOMPILE_PREFIX_HEADER = YES;
				GCC_PREFIX_HEADER = "Photo Bombers/Photo Bombers-Prefix.pch";
				INFOPLIST_FILE = "Photo BombersTests/Photo BombersTests-Info.plist";
				PRODUCT_NAME = "$(TARGET_NAME)";
				TEST_HOST = "$(BUNDLE_LOADER)";
				WRAPPER_EXTENSION = xctest;
			};
			name = Release;
		};
/* End XCBuildConfiguration section */

/* Begin XCConfigurationList section */
		068C44751929432300796262 /* Build configuration list for PBXProject "Photo Bombers" */ = {
			isa = XCConfigurationList;
			buildConfigurations = (
				068C44A41929432300796262 /* Debug */,
				068C44A51929432300796262 /* Release */,
			);
			defaultConfigurationIsVisible = 0;
			defaultConfigurationName = Release;
		};
		068C44A61929432300796262 /* Build configuration list for PBXNativeTarget "Photo Bombers" */ = {
			isa = XCConfigurationList;
			buildConfigurations = (
				068C44A71929432300796262 /* Debug */,
				068C44A81929432300796262 /* Release */,
			);
			defaultConfigurationIsVisible = 0;
			defaultConfigurationName = Release;
		};
		068C44A91929432300796262 /* Build configuration list for PBXNativeTarget "Photo BombersTests" */ = {
			isa = XCConfigurationList;
			buildConfigurations = (
				068C44AA1929432300796262 /* Debug */,
				068C44AB1929432300796262 /* Release */,
			);
			defaultConfigurationIsVisible = 0;
			defaultConfigurationName = Release;
		};
/* End XCConfigurationList section */
	};
	rootObject = 068C44721929432300796262 /* Project object */;
}
